
Microsoft Visual Studio Solution File, Format Version 12.00
# Visual Studio Version 17
VisualStudioVersion = 17.11.35431.28
MinimumVisualStudioVersion = 10.0.40219.1
Project("{FAE04EC0-301F-11D3-BF4B-00C04F79EFBC}") = "Slot__machine-Fear-of-God", "Slot__machine-Fear-of-God.csproj", "{7748957C-2511-42E0-80B4-AE708EF6DE9A}"
EndProject
Global
	GlobalSection(SolutionConfigurationPlatforms) = preSolution
		Debug|Any CPU = Debug|Any CPU
		Release|Any CPU = Release|Any CPU
	EndGlobalSection
	GlobalSection(ProjectConfigurationPlatforms) = postSolution
		{7748957C-2511-42E0-80B4-AE708EF6DE9A}.Debug|Any CPU.ActiveCfg = Debug|Any CPU
		{7748957C-2511-42E0-80B4-AE708EF6DE9A}.Debug|Any CPU.Build.0 = Debug|Any CPU
		{7748957C-2511-42E0-80B4-AE708EF6DE9A}.Release|Any CPU.ActiveCfg = Release|Any CPU
		{7748957C-2511-42E0-80B4-AE708EF6DE9A}.Release|Any CPU.Build.0 = Release|Any CPU
	EndGlobalSection
	GlobalSection(SolutionProperties) = preSolution
		HideSolutionNode = FALSE
	EndGlobalSection
	GlobalSection(ExtensibilityGlobals) = postSolution
		SolutionGuid = {997D638B-60D3-4EEA-870B-AFF510816DD0}
	EndGlobalSection
EndGlobal
